
Microsoft Visual Studio Solution File, Format Version 12.00
# Visual Studio 14
VisualStudioVersion = 14.0.23107.0
MinimumVisualStudioVersion = 10.0.40219.1
Project("{F2A71F9B-5D33-465A-A702-920D77279786}") = "NameyAgey", "NameyAgey\NameyAgey.fsproj", "{8B296633-40E1-4969-A867-A12F8454A130}"
EndProject
Global
	GlobalSection(SolutionConfigurationPlatforms) = preSolution
		Debug|Any CPU = Debug|Any CPU
		Release|Any CPU = Release|Any CPU
	EndGlobalSection
	GlobalSection(ProjectConfigurationPlatforms) = postSolution
		{8B296633-40E1-4969-A867-A12F8454A130}.Debug|Any CPU.ActiveCfg = Debug|Any CPU
		{8B296633-40E1-4969-A867-A12F8454A130}.Debug|Any CPU.Build.0 = Debug|Any CPU
		{8B296633-40E1-4969-A867-A12F8454A130}.Release|Any CPU.ActiveCfg = Release|Any CPU
		{8B296633-40E1-4969-A867-A12F8454A130}.Release|Any CPU.Build.0 = Release|Any CPU
	EndGlobalSection
	GlobalSection(SolutionProperties) = preSolution
		HideSolutionNode = FALSE
	EndGlobalSection
EndGlobal
